// !$*UTF8*$!
{
	archiveVersion = 1;
	classes = {
	};
	objectVersion = 46;
	objects = {

/* Begin PBXBuildFile section */
		201CDD351DC67A3900D82662 /* AppDelegate.swift in Sources */ = {isa = PBXBuildFile; fileRef = 201CDD341DC67A3900D82662 /* AppDelegate.swift */; };
		201CDD3A1DC67A3900D82662 /* Main.storyboard in Resources */ = {isa = PBXBuildFile; fileRef = 201CDD381DC67A3900D82662 /* Main.storyboard */; };
		201CDD3C1DC67A3900D82662 /* Assets.xcassets in Resources */ = {isa = PBXBuildFile; fileRef = 201CDD3B1DC67A3900D82662 /* Assets.xcassets */; };
		201CDD3F1DC67A3900D82662 /* LaunchScreen.storyboard in Resources */ = {isa = PBXBuildFile; fileRef = 201CDD3D1DC67A3900D82662 /* LaunchScreen.storyboard */; };
		201CDD471DC67CB700D82662 /* Celebrity.swift in Sources */ = {isa = PBXBuildFile; fileRef = 201CDD461DC67CB700D82662 /* Celebrity.swift */; };
		201CDD491DC6811600D82662 /* Dating.swift in Sources */ = {isa = PBXBuildFile; fileRef = 201CDD481DC6811600D82662 /* Dating.swift */; };
		201F850A1DCDAFE9008E4108 /* CelebritySelectViewController.swift in Sources */ = {isa = PBXBuildFile; fileRef = 201F85091DCDAFE9008E4108 /* CelebritySelectViewController.swift */; };
		201F850C1DCDB0D4008E4108 /* CelebritySelectTableViewCell.swift in Sources */ = {isa = PBXBuildFile; fileRef = 201F850B1DCDB0D4008E4108 /* CelebritySelectTableViewCell.swift */; };
		201F850E1DCDB336008E4108 /* DatingInvitationViewController.swift in Sources */ = {isa = PBXBuildFile; fileRef = 201F850D1DCDB336008E4108 /* DatingInvitationViewController.swift */; };
		201F85101DCDB482008E4108 /* DatingTypeSelectViewController.swift in Sources */ = {isa = PBXBuildFile; fileRef = 201F850F1DCDB482008E4108 /* DatingTypeSelectViewController.swift */; };
		201F85121DCDB4DB008E4108 /* DatingTimeSelectViewController.swift in Sources */ = {isa = PBXBuildFile; fileRef = 201F85111DCDB4DB008E4108 /* DatingTimeSelectViewController.swift */; };
		20313ED91DCCB6990007F92F /* DataController.swift in Sources */ = {isa = PBXBuildFile; fileRef = 20313ED81DCCB6990007F92F /* DataController.swift */; };
		20313EDC1DCCB9600007F92F /* DataModel.xcdatamodeld in Sources */ = {isa = PBXBuildFile; fileRef = 20313EDA1DCCB9600007F92F /* DataModel.xcdatamodeld */; };
		205CCC661DC686100088A2B3 /* Me.swift in Sources */ = {isa = PBXBuildFile; fileRef = 205CCC651DC686100088A2B3 /* Me.swift */; };
		2094A48F1DC7509300F9810C /* Celebrity.plist in Resources */ = {isa = PBXBuildFile; fileRef = 2094A48E1DC7509300F9810C /* Celebrity.plist */; };
		20A359BC1DC72C0300AF90E1 /* User.swift in Sources */ = {isa = PBXBuildFile; fileRef = 20A359BB1DC72C0300AF90E1 /* User.swift */; };
		20F02B621DC790D800481547 /* DatingType.plist in Resources */ = {isa = PBXBuildFile; fileRef = 20F02B611DC790D800481547 /* DatingType.plist */; };
/* End PBXBuildFile section */

/* Begin PBXFileReference section */
		201CDD311DC67A3900D82662 /* DatingWithCelebrities.app */ = {isa = PBXFileReference; explicitFileType = wrapper.application; includeInIndex = 0; path = DatingWithCelebrities.app; sourceTree = BUILT_PRODUCTS_DIR; };
		201CDD341DC67A3900D82662 /* AppDelegate.swift */ = {isa = PBXFileReference; lastKnownFileType = sourcecode.swift; path = AppDelegate.swift; sourceTree = "<group>"; };
		201CDD391DC67A3900D82662 /* Base */ = {isa = PBXFileReference; lastKnownFileType = file.storyboard; name = Base; path = Base.lproj/Main.storyboard; sourceTree = "<group>"; };
		201CDD3B1DC67A3900D82662 /* Assets.xcassets */ = {isa = PBXFileReference; lastKnownFileType = folder.assetcatalog; path = Assets.xcassets; sourceTree = "<group>"; };
		201CDD3E1DC67A3900D82662 /* Base */ = {isa = PBXFileReference; lastKnownFileType = file.storyboard; name = Base; path = Base.lproj/LaunchScreen.storyboard; sourceTree = "<group>"; };
		201CDD401DC67A3900D82662 /* Info.plist */ = {isa = PBXFileReference; lastKnownFileType = text.plist.xml; path = Info.plist; sourceTree = "<group>"; };
		201CDD461DC67CB700D82662 /* Celebrity.swift */ = {isa = PBXFileReference; fileEncoding = 4; lastKnownFileType = sourcecode.swift; path = Celebrity.swift; sourceTree = "<group>"; };
		201CDD481DC6811600D82662 /* Dating.swift */ = {isa = PBXFileReference; fileEncoding = 4; lastKnownFileType = sourcecode.swift; path = Dating.swift; sourceTree = "<group>"; };
		201F85091DCDAFE9008E4108 /* CelebritySelectViewController.swift */ = {isa = PBXFileReference; fileEncoding = 4; lastKnownFileType = sourcecode.swift; path = CelebritySelectViewController.swift; sourceTree = "<group>"; };
		201F850B1DCDB0D4008E4108 /* CelebritySelectTableViewCell.swift */ = {isa = PBXFileReference; fileEncoding = 4; lastKnownFileType = sourcecode.swift; path = CelebritySelectTableViewCell.swift; sourceTree = "<group>"; };
		201F850D1DCDB336008E4108 /* DatingInvitationViewController.swift */ = {isa = PBXFileReference; fileEncoding = 4; lastKnownFileType = sourcecode.swift; path = DatingInvitationViewController.swift; sourceTree = "<group>"; };
		201F850F1DCDB482008E4108 /* DatingTypeSelectViewController.swift */ = {isa = PBXFileReference; fileEncoding = 4; lastKnownFileType = sourcecode.swift; path = DatingTypeSelectViewController.swift; sourceTree = "<group>"; };
		201F85111DCDB4DB008E4108 /* DatingTimeSelectViewController.swift */ = {isa = PBXFileReference; fileEncoding = 4; lastKnownFileType = sourcecode.swift; path = DatingTimeSelectViewController.swift; sourceTree = "<group>"; };
		20313ED81DCCB6990007F92F /* DataController.swift */ = {isa = PBXFileReference; fileEncoding = 4; lastKnownFileType = sourcecode.swift; path = DataController.swift; sourceTree = "<group>"; };
		20313EDB1DCCB9600007F92F /* DataModel.xcdatamodel */ = {isa = PBXFileReference; lastKnownFileType = wrapper.xcdatamodel; path = DataModel.xcdatamodel; sourceTree = "<group>"; };
		205CCC651DC686100088A2B3 /* Me.swift */ = {isa = PBXFileReference; fileEncoding = 4; lastKnownFileType = sourcecode.swift; path = Me.swift; sourceTree = "<group>"; };
		2094A48E1DC7509300F9810C /* Celebrity.plist */ = {isa = PBXFileReference; fileEncoding = 4; lastKnownFileType = text.plist.xml; path = Celebrity.plist; sourceTree = "<group>"; };
		20A359BA1DC72B3F00AF90E1 /* DatingWithCelebrities.entitlements */ = {isa = PBXFileReference; lastKnownFileType = text.plist.entitlements; path = DatingWithCelebrities.entitlements; sourceTree = "<group>"; };
		20A359BB1DC72C0300AF90E1 /* User.swift */ = {isa = PBXFileReference; fileEncoding = 4; lastKnownFileType = sourcecode.swift; path = User.swift; sourceTree = "<group>"; };
		20F02B611DC790D800481547 /* DatingType.plist */ = {isa = PBXFileReference; fileEncoding = 4; lastKnownFileType = text.plist.xml; path = DatingType.plist; sourceTree = "<group>"; };
/* End PBXFileReference section */

/* Begin PBXFrameworksBuildPhase section */
		201CDD2E1DC67A3900D82662 /* Frameworks */ = {
			isa = PBXFrameworksBuildPhase;
			buildActionMask = 2147483647;
			files = (
			);
			runOnlyForDeploymentPostprocessing = 0;
		};
/* End PBXFrameworksBuildPhase section */

/* Begin PBXGroup section */
		201CDD281DC67A3900D82662 = {
			isa = PBXGroup;
			children = (
				201CDD331DC67A3900D82662 /* DatingWithCelebrities */,
				201CDD321DC67A3900D82662 /* Products */,
			);
			sourceTree = "<group>";
		};
		201CDD321DC67A3900D82662 /* Products */ = {
			isa = PBXGroup;
			children = (
				201CDD311DC67A3900D82662 /* DatingWithCelebrities.app */,
			);
			name = Products;
			sourceTree = "<group>";
		};
		201CDD331DC67A3900D82662 /* DatingWithCelebrities */ = {
			isa = PBXGroup;
			children = (
				20A359BA1DC72B3F00AF90E1 /* DatingWithCelebrities.entitlements */,
				20A359BB1DC72C0300AF90E1 /* User.swift */,
				201CDD341DC67A3900D82662 /* AppDelegate.swift */,
				201CDD381DC67A3900D82662 /* Main.storyboard */,
				201CDD481DC6811600D82662 /* Dating.swift */,
				201F850F1DCDB482008E4108 /* DatingTypeSelectViewController.swift */,
				201F85111DCDB4DB008E4108 /* DatingTimeSelectViewController.swift */,
				201F850D1DCDB336008E4108 /* DatingInvitationViewController.swift */,
				205CCC651DC686100088A2B3 /* Me.swift */,
				201CDD461DC67CB700D82662 /* Celebrity.swift */,
				201F85091DCDAFE9008E4108 /* CelebritySelectViewController.swift */,
				201F850B1DCDB0D4008E4108 /* CelebritySelectTableViewCell.swift */,
				201CDD3B1DC67A3900D82662 /* Assets.xcassets */,
				201CDD3D1DC67A3900D82662 /* LaunchScreen.storyboard */,
				20F02B611DC790D800481547 /* DatingType.plist */,
				2094A48E1DC7509300F9810C /* Celebrity.plist */,
				201CDD401DC67A3900D82662 /* Info.plist */,
				20313ED81DCCB6990007F92F /* DataController.swift */,
				20313EDA1DCCB9600007F92F /* DataModel.xcdatamodeld */,
			);
			path = DatingWithCelebrities;
			sourceTree = "<group>";
		};
/* End PBXGroup section */

/* Begin PBXNativeTarget section */
		201CDD301DC67A3900D82662 /* DatingWithCelebrities */ = {
			isa = PBXNativeTarget;
			buildConfigurationList = 201CDD431DC67A3900D82662 /* Build configuration list for PBXNativeTarget "DatingWithCelebrities" */;
			buildPhases = (
				201CDD2D1DC67A3900D82662 /* Sources */,
				201CDD2E1DC67A3900D82662 /* Frameworks */,
				201CDD2F1DC67A3900D82662 /* Resources */,
			);
			buildRules = (
			);
			dependencies = (
			);
			name = DatingWithCelebrities;
			productName = DatingWithCelebrities;
			productReference = 201CDD311DC67A3900D82662 /* DatingWithCelebrities.app */;
			productType = "com.apple.product-type.application";
		};
/* End PBXNativeTarget section */

/* Begin PBXProject section */
		201CDD291DC67A3900D82662 /* Project object */ = {
			isa = PBXProject;
			attributes = {
				LastSwiftUpdateCheck = 0800;
				LastUpgradeCheck = 0810;
				ORGANIZATIONNAME = "Marek Mako";
				TargetAttributes = {
					201CDD301DC67A3900D82662 = {
						CreatedOnToolsVersion = 8.0;
						DevelopmentTeam = 4HFWK8AXKL;
						LastSwiftMigration = 0810;
						ProvisioningStyle = Automatic;
						SystemCapabilities = {
							com.apple.Push = {
								enabled = 1;
							};
						};
					};
				};
			};
			buildConfigurationList = 201CDD2C1DC67A3900D82662 /* Build configuration list for PBXProject "DatingWithCelebrities" */;
			compatibilityVersion = "Xcode 3.2";
			developmentRegion = English;
			hasScannedForEncodings = 0;
			knownRegions = (
				en,
				Base,
			);
			mainGroup = 201CDD281DC67A3900D82662;
			productRefGroup = 201CDD321DC67A3900D82662 /* Products */;
			projectDirPath = "";
			projectRoot = "";
			targets = (
				201CDD301DC67A3900D82662 /* DatingWithCelebrities */,
			);
		};
/* End PBXProject section */

/* Begin PBXResourcesBuildPhase section */
		201CDD2F1DC67A3900D82662 /* Resources */ = {
			isa = PBXResourcesBuildPhase;
			buildActionMask = 2147483647;
			files = (
				2094A48F1DC7509300F9810C /* Celebrity.plist in Resources */,
				201CDD3F1DC67A3900D82662 /* LaunchScreen.storyboard in Resources */,
				20F02B621DC790D800481547 /* DatingType.plist in Resources */,
				201CDD3C1DC67A3900D82662 /* Assets.xcassets in Resources */,
				201CDD3A1DC67A3900D82662 /* Main.storyboard in Resources */,
			);
			runOnlyForDeploymentPostprocessing = 0;
		};
/* End PBXResourcesBuildPhase section */

/* Begin PBXSourcesBuildPhase section */
		201CDD2D1DC67A3900D82662 /* Sources */ = {
			isa = PBXSourcesBuildPhase;
			buildActionMask = 2147483647;
			files = (
				201F85121DCDB4DB008E4108 /* DatingTimeSelectViewController.swift in Sources */,
				201F850A1DCDAFE9008E4108 /* CelebritySelectViewController.swift in Sources */,
				201CDD351DC67A3900D82662 /* AppDelegate.swift in Sources */,
				201F85101DCDB482008E4108 /* DatingTypeSelectViewController.swift in Sources */,
				20313ED91DCCB6990007F92F /* DataController.swift in Sources */,
				205CCC661DC686100088A2B3 /* Me.swift in Sources */,
				20313EDC1DCCB9600007F92F /* DataModel.xcdatamodeld in Sources */,
				201F850C1DCDB0D4008E4108 /* CelebritySelectTableViewCell.swift in Sources */,
				20A359BC1DC72C0300AF90E1 /* User.swift in Sources */,
				201CDD491DC6811600D82662 /* Dating.swift in Sources */,
				201F850E1DCDB336008E4108 /* DatingInvitationViewController.swift in Sources */,
				201CDD471DC67CB700D82662 /* Celebrity.swift in Sources */,
			);
			runOnlyForDeploymentPostprocessing = 0;
		};
/* End PBXSourcesBuildPhase section */

/* Begin PBXVariantGroup section */
		201CDD381DC67A3900D82662 /* Main.storyboard */ = {
			isa = PBXVariantGroup;
			children = (
				201CDD391DC67A3900D82662 /* Base */,
			);
			name = Main.storyboard;
			sourceTree = "<group>";
		};
		201CDD3D1DC67A3900D82662 /* LaunchScreen.storyboard */ = {
			isa = PBXVariantGroup;
			children = (
				201CDD3E1DC67A3900D82662 /* Base */,
			);
			name = LaunchScreen.storyboard;
			sourceTree = "<group>";
		};
/* End PBXVariantGroup section */

/* Begin XCBuildConfiguration section */
		201CDD411DC67A3900D82662 /* Debug */ = {
			isa = XCBuildConfiguration;
			buildSettings = {
				ALWAYS_SEARCH_USER_PATHS = NO;
				CLANG_ANALYZER_NONNULL = YES;
				CLANG_CXX_LANGUAGE_STANDARD = "gnu++0x";
				CLANG_CXX_LIBRARY = "libc++";
				CLANG_ENABLE_MODULES = YES;
				CLANG_ENABLE_OBJC_ARC = YES;
				CLANG_WARN_BOOL_CONVERSION = YES;
				CLANG_WARN_CONSTANT_CONVERSION = YES;
				CLANG_WARN_DIRECT_OBJC_ISA_USAGE = YES_ERROR;
				CLANG_WARN_DOCUMENTATION_COMMENTS = YES;
				CLANG_WARN_EMPTY_BODY = YES;
				CLANG_WARN_ENUM_CONVERSION = YES;
				CLANG_WARN_INFINITE_RECURSION = YES;
				CLANG_WARN_INT_CONVERSION = YES;
				CLANG_WARN_OBJC_ROOT_CLASS = YES_ERROR;
				CLANG_WARN_SUSPICIOUS_MOVE = YES;
				CLANG_WARN_SUSPICIOUS_MOVES = YES;
				CLANG_WARN_UNREACHABLE_CODE = YES;
				CLANG_WARN__DUPLICATE_METHOD_MATCH = YES;
				"CODE_SIGN_IDENTITY[sdk=iphoneos*]" = "iPhone Developer";
				COPY_PHASE_STRIP = NO;
				DEBUG_INFORMATION_FORMAT = dwarf;
				ENABLE_STRICT_OBJC_MSGSEND = YES;
				ENABLE_TESTABILITY = YES;
				GCC_C_LANGUAGE_STANDARD = gnu99;
				GCC_DYNAMIC_NO_PIC = NO;
				GCC_NO_COMMON_BLOCKS = YES;
				GCC_OPTIMIZATION_LEVEL = 0;
				GCC_PREPROCESSOR_DEFINITIONS = (
					"DEBUG=1",
					"$(inherited)",
				);
				GCC_WARN_64_TO_32_BIT_CONVERSION = YES;
				GCC_WARN_ABOUT_RETURN_TYPE = YES_ERROR;
				GCC_WARN_UNDECLARED_SELECTOR = YES;
				GCC_WARN_UNINITIALIZED_AUTOS = YES_AGGRESSIVE;
				GCC_WARN_UNUSED_FUNCTION = YES;
				GCC_WARN_UNUSED_VARIABLE = YES;
				IPHONEOS_DEPLOYMENT_TARGET = 9.0;
				MTL_ENABLE_DEBUG_INFO = YES;
				ONLY_ACTIVE_ARCH = YES;
				SDKROOT = iphoneos;
				SWIFT_ACTIVE_COMPILATION_CONDITIONS = DEBUG;
				SWIFT_OPTIMIZATION_LEVEL = "-Onone";
				TARGETED_DEVICE_FAMILY = "1,2";
			};
			name = Debug;
		};
		201CDD421DC67A3900D82662 /* Release */ = {
			isa = XCBuildConfiguration;
			buildSettings = {
				ALWAYS_SEARCH_USER_PATHS = NO;
				CLANG_ANALYZER_NONNULL = YES;
				CLANG_CXX_LANGUAGE_STANDARD = "gnu++0x";
				CLANG_CXX_LIBRARY = "libc++";
				CLANG_ENABLE_MODULES = YES;
				CLANG_ENABLE_OBJC_ARC = YES;
				CLANG_WARN_BOOL_CONVERSION = YES;
				CLANG_WARN_CONSTANT_CONVERSION = YES;
				CLANG_WARN_DIRECT_OBJC_ISA_USAGE = YES_ERROR;
				CLANG_WARN_DOCUMENTATION_COMMENTS = YES;
				CLANG_WARN_EMPTY_BODY = YES;
				CLANG_WARN_ENUM_CONVERSION = YES;
				CLANG_WARN_INFINITE_RECURSION = YES;
				CLANG_WARN_INT_CONVERSION = YES;
				CLANG_WARN_OBJC_ROOT_CLASS = YES_ERROR;
				CLANG_WARN_SUSPICIOUS_MOVE = YES;
				CLANG_WARN_SUSPICIOUS_MOVES = YES;
				CLANG_WARN_UNREACHABLE_CODE = YES;
				CLANG_WARN__DUPLICATE_METHOD_MATCH = YES;
				"CODE_SIGN_IDENTITY[sdk=iphoneos*]" = "iPhone Developer";
				COPY_PHASE_STRIP = NO;
				DEBUG_INFORMATION_FORMAT = "dwarf-with-dsym";
				ENABLE_NS_ASSERTIONS = NO;
				ENABLE_STRICT_OBJC_MSGSEND = YES;
				GCC_C_LANGUAGE_STANDARD = gnu99;
				GCC_NO_COMMON_BLOCKS = YES;
				GCC_WARN_64_TO_32_BIT_CONVERSION = YES;
				GCC_WARN_ABOUT_RETURN_TYPE = YES_ERROR;
				GCC_WARN_UNDECLARED_SELECTOR = YES;
				GCC_WARN_UNINITIALIZED_AUTOS = YES_AGGRESSIVE;
				GCC_WARN_UNUSED_FUNCTION = YES;
				GCC_WARN_UNUSED_VARIABLE = YES;
				IPHONEOS_DEPLOYMENT_TARGET = 9.0;
				MTL_ENABLE_DEBUG_INFO = NO;
				SDKROOT = iphoneos;
				SWIFT_OPTIMIZATION_LEVEL = "-Owholemodule";
				TARGETED_DEVICE_FAMILY = "1,2";
				VALIDATE_PRODUCT = YES;
			};
			name = Release;
		};
		201CDD441DC67A3900D82662 /* Debug */ = {
			isa = XCBuildConfiguration;
			buildSettings = {
				ASSETCATALOG_COMPILER_APPICON_NAME = AppIcon;
				CODE_SIGN_ENTITLEMENTS = DatingWithCelebrities/DatingWithCelebrities.entitlements;
				DEVELOPMENT_TEAM = 4HFWK8AXKL;
				INFOPLIST_FILE = DatingWithCelebrities/Info.plist;
				IPHONEOS_DEPLOYMENT_TARGET = 9.0;
				LD_RUNPATH_SEARCH_PATHS = "$(inherited) @executable_path/Frameworks";
				PRODUCT_BUNDLE_IDENTIFIER = com.marekmako.DatingWithCelebrities;
				PRODUCT_NAME = "$(TARGET_NAME)";
				SWIFT_VERSION = 3.0;
			};
			name = Debug;
		};
		201CDD451DC67A3900D82662 /* Release */ = {
			isa = XCBuildConfiguration;
			buildSettings = {
				ASSETCATALOG_COMPILER_APPICON_NAME = AppIcon;
				CODE_SIGN_ENTITLEMENTS = DatingWithCelebrities/DatingWithCelebrities.entitlements;
				DEVELOPMENT_TEAM = 4HFWK8AXKL;
				INFOPLIST_FILE = DatingWithCelebrities/Info.plist;
				IPHONEOS_DEPLOYMENT_TARGET = 9.0;
				LD_RUNPATH_SEARCH_PATHS = "$(inherited) @executable_path/Frameworks";
				PRODUCT_BUNDLE_IDENTIFIER = com.marekmako.DatingWithCelebrities;
				PRODUCT_NAME = "$(TARGET_NAME)";
				SWIFT_VERSION = 3.0;
			};
			name = Release;
		};
/* End XCBuildConfiguration section */

/* Begin XCConfigurationList section */
		201CDD2C1DC67A3900D82662 /* Build configuration list for PBXProject "DatingWithCelebrities" */ = {
			isa = XCConfigurationList;
			buildConfigurations = (
				201CDD411DC67A3900D82662 /* Debug */,
				201CDD421DC67A3900D82662 /* Release */,
			);
			defaultConfigurationIsVisible = 0;
			defaultConfigurationName = Release;
		};
		201CDD431DC67A3900D82662 /* Build configuration list for PBXNativeTarget "DatingWithCelebrities" */ = {
			isa = XCConfigurationList;
			buildConfigurations = (
				201CDD441DC67A3900D82662 /* Debug */,
				201CDD451DC67A3900D82662 /* Release */,
			);
			defaultConfigurationIsVisible = 0;
			defaultConfigurationName = Release;
		};
/* End XCConfigurationList section */

/* Begin XCVersionGroup section */
		20313EDA1DCCB9600007F92F /* DataModel.xcdatamodeld */ = {
			isa = XCVersionGroup;
			children = (
				20313EDB1DCCB9600007F92F /* DataModel.xcdatamodel */,
			);
			currentVersion = 20313EDB1DCCB9600007F92F /* DataModel.xcdatamodel */;
			path = DataModel.xcdatamodeld;
			sourceTree = "<group>";
			versionGroupType = wrapper.xcdatamodel;
		};
/* End XCVersionGroup section */
	};
	rootObject = 201CDD291DC67A3900D82662 /* Project object */;
}
